PODS:
  - ImagePicker (2.1.1)
  - IQKeyboardManagerSwift (4.0.11)

DEPENDENCIES:
  - ImagePicker
  - IQKeyboardManagerSwift

SPEC CHECKSUMS:
  ImagePicker: fe4c699abb56ff03994fa98d8b02e3883ee118be
  IQKeyboardManagerSwift: 10f0a6b8ea2904c8943c0e1a116c99f5b8ad83af

PODFILE CHECKSUM: 924334b06e8ab245a2515b6af8d406477dfa6899

COCOAPODS: 1.2.1
